{
  "name": "backend",
  "version": "1.0.0",
  "lockfileVersion": 3,
  "requires": true,
  "packages": {
    "": {
      "name": "backend",
      "version": "1.0.0",
      "license": "ISC",
      "dependencies": {
        "@cloudflare/workers-types": "^4.20241022.0"
      }
    },
    "node_modules/@cloudflare/workers-types": {
      "version": "4.20241022.0",
      "resolved": "https://registry.npmjs.org/@cloudflare/workers-types/-/workers-types-4.20241022.0.tgz",
      "integrity": "sha512-1zOAw5QIDKItzGatzCrEpfLOB1AuMTwVqKmbw9B9eBfCUGRFNfJYMrJxIwcse9EmKahsQt2GruqU00pY/GyXgg==",
      "license": "MIT OR Apache-2.0"
    }
  }
}
